{
  "version": 4,
  "terraform_version": "1.7.4",
  "serial": 13,
  "lineage": "dff11820-c5fc-bc5d-e840-f73e35367be4",
  "outputs": {},
  "resources": [
    {
      "mode": "managed",
      "type": "aws_key_pair",
      "name": "take_home",
      "provider": "provider[\"registry.terraform.io/hashicorp/aws\"]",
      "instances": [
        {
          "schema_version": 1,
          "attributes": {
            "arn": "arn:aws:ec2:us-east-1:510556361670:key-pair/takehome",
            "fingerprint": "Ta1s4FdmhJwDqDZi8zuD8emV33dZLglgqSZEAumUpls=",
            "id": "takehome",
            "key_name": "takehome",
            "key_name_prefix": "",
            "key_pair_id": "key-0b515e1546a5ad23a",
            "key_type": "ed25519",
            "public_key": "ssh-ed25519 AAAAC3NzaC1lZDI1NTE5AAAAIMHP+ALUksIF7myvrpT1fwKbly7EN+w4liuqp4pxO4Vk moketch@Icarus.local",
            "tags": {},
            "tags_all": {}
          },
          "sensitive_attributes": [],
          "private": "eyJzY2hlbWFfdmVyc2lvbiI6IjEifQ=="
        }
      ]
    }
  ],
  "check_results": null
}
